// !$*UTF8*$!
{
	archiveVersion = 1;
	classes = {
	};
	objectVersion = 77;
	objects = {

/* Begin PBXContainerItemProxy section */
		0F5FE5F32F5ECF31000A8562 /* PBXContainerItemProxy */ = {
			isa = PBXContainerItemProxy;
			containerPortal = 0F5FE5DD2F5ECF30000A8562 /* Project object */;
			proxyType = 1;
			remoteGlobalIDString = 0F5FE5E42F5ECF30000A8562;
			remoteInfo = ytdlmc;
		};
		0F5FE5FD2F5ECF31000A8562 /* PBXContainerItemProxy */ = {
			isa = PBXContainerItemProxy;
			containerPortal = 0F5FE5DD2F5ECF30000A8562 /* Project object */;
			proxyType = 1;
			remoteGlobalIDString = 0F5FE5E42F5ECF30000A8562;
			remoteInfo = ytdlmc;
		};
/* End PBXContainerItemProxy section */

/* Begin PBXFileReference section */
		0F5FE5E52F5ECF30000A8562 /* ytdlmc.app */ = {isa = PBXFileReference; explicitFileType = wrapper.application; includeInIndex = 0; path = ytdlmc.app; sourceTree = BUILT_PRODUCTS_DIR; };
		0F5FE5F22F5ECF31000A8562 /* ytdlmcTests.xctest */ = {isa = PBXFileReference; explicitFileType = wrapper.cfbundle; includeInIndex = 0; path = ytdlmcTests.xctest; sourceTree = BUILT_PRODUCTS_DIR; };
		0F5FE5FC2F5ECF31000A8562 /* ytdlmcUITests.xctest */ = {isa = PBXFileReference; explicitFileType = wrapper.cfbundle; includeInIndex = 0; path = ytdlmcUITests.xctest; sourceTree = BUILT_PRODUCTS_DIR; };
/* End PBXFileReference section */

/* Begin PBXFileSystemSynchronizedRootGroup section */
		0F5FE5E72F5ECF30000A8562 /* ytdlmc */ = {
			isa = PBXFileSystemSynchronizedRootGroup;
			path = ytdlmc;
			sourceTree = "<group>";
		};
		0F5FE5F52F5ECF31000A8562 /* ytdlmcTests */ = {
			isa = PBXFileSystemSynchronizedRootGroup;
			path = ytdlmcTests;
			sourceTree = "<group>";
		};
		0F5FE5FF2F5ECF31000A8562 /* ytdlmcUITests */ = {
			isa = PBXFileSystemSynchronizedRootGroup;
			path = ytdlmcUITests;
			sourceTree = "<group>";
		};
/* End PBXFileSystemSynchronizedRootGroup section */

/* Begin PBXFrameworksBuildPhase section */
		0F5FE5E22F5ECF30000A8562 /* Frameworks */ = {
			isa = PBXFrameworksBuildPhase;
			buildActionMask = 2147483647;
			files = (
			);
			runOnlyForDeploymentPostprocessing = 0;
		};
		0F5FE5EF2F5ECF31000A8562 /* Frameworks */ = {
			isa = PBXFrameworksBuildPhase;
			buildActionMask = 2147483647;
			files = (
			);
			runOnlyForDeploymentPostprocessing = 0;
		};
		0F5FE5F92F5ECF31000A8562 /* Frameworks */ = {
			isa = PBXFrameworksBuildPhase;
			buildActionMask = 2147483647;
			files = (
			);
			runOnlyForDeploymentPostprocessing = 0;
		};
/* End PBXFrameworksBuildPhase section */

/* Begin PBXGroup section */
		0F5FE5DC2F5ECF30000A8562 = {
			isa = PBXGroup;
			children = (
				0F5FE5E72F5ECF30000A8562 /* ytdlmc */,
				0F5FE5F52F5ECF31000A8562 /* ytdlmcTests */,
				0F5FE5FF2F5ECF31000A8562 /* ytdlmcUITests */,
				0F5FE5E62F5ECF30000A8562 /* Products */,
			);
			sourceTree = "<group>";
		};
		0F5FE5E62F5ECF30000A8562 /* Products */ = {
			isa = PBXGroup;
			children = (
				0F5FE5E52F5ECF30000A8562 /* ytdlmc.app */,
				0F5FE5F22F5ECF31000A8562 /* ytdlmcTests.xctest */,
				0F5FE5FC2F5ECF31000A8562 /* ytdlmcUITests.xctest */,
			);
			name = Products;
			sourceTree = "<group>";
		};
/* End PBXGroup section */

/* Begin PBXNativeTarget section */
		0F5FE5E42F5ECF30000A8562 /* ytdlmc */ = {
			isa = PBXNativeTarget;
			buildConfigurationList = 0F5FE6062F5ECF31000A8562 /* Build configuration list for PBXNativeTarget "ytdlmc" */;
			buildPhases = (
				0F5FE5E12F5ECF30000A8562 /* Sources */,
				0F5FE5E22F5ECF30000A8562 /* Frameworks */,
				0F5FE5E32F5ECF30000A8562 /* Resources */,
			);
			buildRules = (
			);
			dependencies = (
			);
			fileSystemSynchronizedGroups = (
				0F5FE5E72F5ECF30000A8562 /* ytdlmc */,
			);
			name = ytdlmc;
			packageProductDependencies = (
			);
			productName = ytdlmc;
			productReference = 0F5FE5E52F5ECF30000A8562 /* ytdlmc.app */;
			productType = "com.apple.product-type.application";
		};
		0F5FE5F12F5ECF31000A8562 /* ytdlmcTests */ = {
			isa = PBXNativeTarget;
			buildConfigurationList = 0F5FE6092F5ECF31000A8562 /* Build configuration list for PBXNativeTarget "ytdlmcTests" */;
			buildPhases = (
				0F5FE5EE2F5ECF31000A8562 /* Sources */,
				0F5FE5EF2F5ECF31000A8562 /* Frameworks */,
				0F5FE5F02F5ECF31000A8562 /* Resources */,
			);
			buildRules = (
			);
			dependencies = (
				0F5FE5F42F5ECF31000A8562 /* PBXTargetDependency */,
			);
			fileSystemSynchronizedGroups = (
				0F5FE5F52F5ECF31000A8562 /* ytdlmcTests */,
			);
			name = ytdlmcTests;
			packageProductDependencies = (
			);
			productName = ytdlmcTests;
			productReference = 0F5FE5F22F5ECF31000A8562 /* ytdlmcTests.xctest */;
			productType = "com.apple.product-type.bundle.unit-test";
		};
		0F5FE5FB2F5ECF31000A8562 /* ytdlmcUITests */ = {
			isa = PBXNativeTarget;
			buildConfigurationList = 0F5FE60C2F5ECF31000A8562 /* Build configuration list for PBXNativeTarget "ytdlmcUITests" */;
			buildPhases = (
				0F5FE5F82F5ECF31000A8562 /* Sources */,
				0F5FE5F92F5ECF31000A8562 /* Frameworks */,
				0F5FE5FA2F5ECF31000A8562 /* Resources */,
			);
			buildRules = (
			);
			dependencies = (
				0F5FE5FE2F5ECF31000A8562 /* PBXTargetDependency */,
			);
			fileSystemSynchronizedGroups = (
				0F5FE5FF2F5ECF31000A8562 /* ytdlmcUITests */,
			);
			name = ytdlmcUITests;
			packageProductDependencies = (
			);
			productName = ytdlmcUITests;
			productReference = 0F5FE5FC2F5ECF31000A8562 /* ytdlmcUITests.xctest */;
			productType = "com.apple.product-type.bundle.ui-testing";
		};
/* End PBXNativeTarget section */

/* Begin PBXProject section */
		0F5FE5DD2F5ECF30000A8562 /* Project object */ = {
			isa = PBXProject;
			attributes = {
				BuildIndependentTargetsInParallel = 1;
				LastSwiftUpdateCheck = 2630;
				LastUpgradeCheck = 2630;
				TargetAttributes = {
					0F5FE5E42F5ECF30000A8562 = {
						CreatedOnToolsVersion = 26.3;
					};
					0F5FE5F12F5ECF31000A8562 = {
						CreatedOnToolsVersion = 26.3;
						TestTargetID = 0F5FE5E42F5ECF30000A8562;
					};
					0F5FE5FB2F5ECF31000A8562 = {
						CreatedOnToolsVersion = 26.3;
						TestTargetID = 0F5FE5E42F5ECF30000A8562;
					};
				};
			};
			buildConfigurationList = 0F5FE5E02F5ECF30000A8562 /* Build configuration list for PBXProject "ytdlmc" */;
			developmentRegion = en;
			hasScannedForEncodings = 0;
			knownRegions = (
				en,
				Base,
			);
			mainGroup = 0F5FE5DC2F5ECF30000A8562;
			minimizedProjectReferenceProxies = 1;
			preferredProjectObjectVersion = 77;
			productRefGroup = 0F5FE5E62F5ECF30000A8562 /* Products */;
			projectDirPath = "";
			projectRoot = "";
			targets = (
				0F5FE5E42F5ECF30000A8562 /* ytdlmc */,
				0F5FE5F12F5ECF31000A8562 /* ytdlmcTests */,
				0F5FE5FB2F5ECF31000A8562 /* ytdlmcUITests */,
			);
		};
/* End PBXProject section */

/* Begin PBXResourcesBuildPhase section */
		0F5FE5E32F5ECF30000A8562 /* Resources */ = {
			isa = PBXResourcesBuildPhase;
			buildActionMask = 2147483647;
			files = (
			);
			runOnlyForDeploymentPostprocessing = 0;
		};
		0F5FE5F02F5ECF31000A8562 /* Resources */ = {
			isa = PBXResourcesBuildPhase;
			buildActionMask = 2147483647;
			files = (
			);
			runOnlyForDeploymentPostprocessing = 0;
		};
		0F5FE5FA2F5ECF31000A8562 /* Resources */ = {
			isa = PBXResourcesBuildPhase;
			buildActionMask = 2147483647;
			files = (
			);
			runOnlyForDeploymentPostprocessing = 0;
		};
/* End PBXResourcesBuildPhase section */

/* Begin PBXSourcesBuildPhase section */
		0F5FE5E12F5ECF30000A8562 /* Sources */ = {
			isa = PBXSourcesBuildPhase;
			buildActionMask = 2147483647;
			files = (
			);
			runOnlyForDeploymentPostprocessing = 0;
		};
		0F5FE5EE2F5ECF31000A8562 /* Sources */ = {
			isa = PBXSourcesBuildPhase;
			buildActionMask = 2147483647;
			files = (
			);
			runOnlyForDeploymentPostprocessing = 0;
		};
		0F5FE5F82F5ECF31000A8562 /* Sources */ = {
			isa = PBXSourcesBuildPhase;
			buildActionMask = 2147483647;
			files = (
			);
			runOnlyForDeploymentPostprocessing = 0;
		};
/* End PBXSourcesBuildPhase section */

/* Begin PBXTargetDependency section */
		0F5FE5F42F5ECF31000A8562 /* PBXTargetDependency */ = {
			isa = PBXTargetDependency;
			target = 0F5FE5E42F5ECF30000A8562 /* ytdlmc */;
			targetProxy = 0F5FE5F32F5ECF31000A8562 /* PBXContainerItemProxy */;
		};
		0F5FE5FE2F5ECF31000A8562 /* PBXTargetDependency */ = {
			isa = PBXTargetDependency;
			target = 0F5FE5E42F5ECF30000A8562 /* ytdlmc */;
			targetProxy = 0F5FE5FD2F5ECF31000A8562 /* PBXContainerItemProxy */;
		};
/* End PBXTargetDependency section */

/* Begin XCBuildConfiguration section */
		0F5FE6042F5ECF31000A8562 /* Debug */ = {
			isa = XCBuildConfiguration;
			buildSettings = {
				ALWAYS_SEARCH_USER_PATHS = NO;
				ASSETCATALOG_COMPILER_GENERATE_SWIFT_ASSET_SYMBOL_EXTENSIONS = YES;
				CLANG_ANALYZER_NONNULL = YES;
				CLANG_ANALYZER_NUMBER_OBJECT_CONVERSION = YES_AGGRESSIVE;
				CLANG_CXX_LANGUAGE_STANDARD = "gnu++20";
				CLANG_ENABLE_MODULES = YES;
				CLANG_ENABLE_OBJC_ARC = YES;
				CLANG_ENABLE_OBJC_WEAK = YES;
				CLANG_WARN_BLOCK_CAPTURE_AUTORELEASING = YES;
				CLANG_WARN_BOOL_CONVERSION = YES;
				CLANG_WARN_COMMA = YES;
				CLANG_WARN_CONSTANT_CONVERSION = YES;
				CLANG_WARN_DEPRECATED_OBJC_IMPLEMENTATIONS = YES;
				CLANG_WARN_DIRECT_OBJC_ISA_USAGE = YES_ERROR;
				CLANG_WARN_DOCUMENTATION_COMMENTS = YES;
				CLANG_WARN_EMPTY_BODY = YES;
				CLANG_WARN_ENUM_CONVERSION = YES;
				CLANG_WARN_INFINITE_RECURSION = YES;
				CLANG_WARN_INT_CONVERSION = YES;
				CLANG_WARN_NON_LITERAL_NULL_CONVERSION = YES;
				CLANG_WARN_OBJC_IMPLICIT_RETAIN_SELF = YES;
				CLANG_WARN_OBJC_LITERAL_CONVERSION = YES;
				CLANG_WARN_OBJC_ROOT_CLASS = YES_ERROR;
				CLANG_WARN_QUOTED_INCLUDE_IN_FRAMEWORK_HEADER = YES;
				CLANG_WARN_RANGE_LOOP_ANALYSIS = YES;
				CLANG_WARN_STRICT_PROTOTYPES = YES;
				CLANG_WARN_SUSPICIOUS_MOVE = YES;
				CLANG_WARN_UNGUARDED_AVAILABILITY = YES_AGGRESSIVE;
				CLANG_WARN_UNREACHABLE_CODE = YES;
				CLANG_WARN__DUPLICATE_METHOD_MATCH = YES;
				COPY_PHASE_STRIP = NO;
				DEBUG_INFORMATION_FORMAT = dwarf;
				DEVELOPMENT_TEAM = HPL74FCW8E;
				ENABLE_STRICT_OBJC_MSGSEND = YES;
				ENABLE_TESTABILITY = YES;
				ENABLE_USER_SCRIPT_SANDBOXING = YES;
				GCC_C_LANGUAGE_STANDARD = gnu17;
				GCC_DYNAMIC_NO_PIC = NO;
				GCC_NO_COMMON_BLOCKS = YES;
				GCC_OPTIMIZATION_LEVEL = 0;
				GCC_PREPROCESSOR_DEFINITIONS = (
					"DEBUG=1",
					"$(inherited)",
				);
				GCC_WARN_64_TO_32_BIT_CONVERSION = YES;
				GCC_WARN_ABOUT_RETURN_TYPE = YES_ERROR;
				GCC_WARN_UNDECLARED_SELECTOR = YES;
				GCC_WARN_UNINITIALIZED_AUTOS = YES_AGGRESSIVE;
				GCC_WARN_UNUSED_FUNCTION = YES;
				GCC_WARN_UNUSED_VARIABLE = YES;
				LOCALIZATION_PREFERS_STRING_CATALOGS = YES;
				MACOSX_DEPLOYMENT_TARGET = 26.2;
				MTL_ENABLE_DEBUG_INFO = INCLUDE_SOURCE;
				MTL_FAST_MATH = YES;
				ONLY_ACTIVE_ARCH = YES;
				SDKROOT = macosx;
				SWIFT_ACTIVE_COMPILATION_CONDITIONS = "DEBUG $(inherited)";
				SWIFT_OPTIMIZATION_LEVEL = "-Onone";
			};
			name = Debug;
		};
		0F5FE6052F5ECF31000A8562 /* Release */ = {
			isa = XCBuildConfiguration;
			buildSettings = {
				ALWAYS_SEARCH_USER_PATHS = NO;
				ASSETCATALOG_COMPILER_GENERATE_SWIFT_ASSET_SYMBOL_EXTENSIONS = YES;
				CLANG_ANALYZER_NONNULL = YES;
				CLANG_ANALYZER_NUMBER_OBJECT_CONVERSION = YES_AGGRESSIVE;
				CLANG_CXX_LANGUAGE_STANDARD = "gnu++20";
				CLANG_ENABLE_MODULES = YES;
				CLANG_ENABLE_OBJC_ARC = YES;
				CLANG_ENABLE_OBJC_WEAK = YES;
				CLANG_WARN_BLOCK_CAPTURE_AUTORELEASING = YES;
				CLANG_WARN_BOOL_CONVERSION = YES;
				CLANG_WARN_COMMA = YES;
				CLANG_WARN_CONSTANT_CONVERSION = YES;
				CLANG_WARN_DEPRECATED_OBJC_IMPLEMENTATIONS = YES;
				CLANG_WARN_DIRECT_OBJC_ISA_USAGE = YES_ERROR;
				CLANG_WARN_DOCUMENTATION_COMMENTS = YES;
				CLANG_WARN_EMPTY_BODY = YES;
				CLANG_WARN_ENUM_CONVERSION = YES;
				CLANG_WARN_INFINITE_RECURSION = YES;
				CLANG_WARN_INT_CONVERSION = YES;
				CLANG_WARN_NON_LITERAL_NULL_CONVERSION = YES;
				CLANG_WARN_OBJC_IMPLICIT_RETAIN_SELF = YES;
				CLANG_WARN_OBJC_LITERAL_CONVERSION = YES;
				CLANG_WARN_OBJC_ROOT_CLASS = YES_ERROR;
				CLANG_WARN_QUOTED_INCLUDE_IN_FRAMEWORK_HEADER = YES;
				CLANG_WARN_RANGE_LOOP_ANALYSIS = YES;
				CLANG_WARN_STRICT_PROTOTYPES = YES;
				CLANG_WARN_SUSPICIOUS_MOVE = YES;
				CLANG_WARN_UNGUARDED_AVAILABILITY = YES_AGGRESSIVE;
				CLANG_WARN_UNREACHABLE_CODE = YES;
				CLANG_WARN__DUPLICATE_METHOD_MATCH = YES;
				COPY_PHASE_STRIP = NO;
				DEBUG_INFORMATION_FORMAT = "dwarf-with-dsym";
				DEVELOPMENT_TEAM = HPL74FCW8E;
				ENABLE_NS_ASSERTIONS = NO;
				ENABLE_STRICT_OBJC_MSGSEND = YES;
				ENABLE_USER_SCRIPT_SANDBOXING = YES;
				GCC_C_LANGUAGE_STANDARD = gnu17;
				GCC_NO_COMMON_BLOCKS = YES;
				GCC_WARN_64_TO_32_BIT_CONVERSION = YES;
				GCC_WARN_ABOUT_RETURN_TYPE = YES_ERROR;
				GCC_WARN_UNDECLARED_SELECTOR = YES;
				GCC_WARN_UNINITIALIZED_AUTOS = YES_AGGRESSIVE;
				GCC_WARN_UNUSED_FUNCTION = YES;
				GCC_WARN_UNUSED_VARIABLE = YES;
				LOCALIZATION_PREFERS_STRING_CATALOGS = YES;
				MACOSX_DEPLOYMENT_TARGET = 26.2;
				MTL_ENABLE_DEBUG_INFO = NO;
				MTL_FAST_MATH = YES;
				SDKROOT = macosx;
				SWIFT_COMPILATION_MODE = wholemodule;
			};
			name = Release;
		};
		0F5FE6072F5ECF31000A8562 /* Debug */ = {
			isa = XCBuildConfiguration;
			buildSettings = {
				ASSETCATALOG_COMPILER_APPICON_NAME = AppIcon;
				ASSETCATALOG_COMPILER_GLOBAL_ACCENT_COLOR_NAME = AccentColor;
				CODE_SIGN_STYLE = Automatic;
				COMBINE_HIDPI_IMAGES = YES;
				CURRENT_PROJECT_VERSION = 1;
				DEVELOPMENT_TEAM = HPL74FCW8E;
				ENABLE_APP_SANDBOX = NO;
				ENABLE_HARDENED_RUNTIME = YES;
				ENABLE_PREVIEWS = YES;
				ENABLE_USER_SELECTED_FILES = readwrite;
				GENERATE_INFOPLIST_FILE = YES;
				INFOPLIST_KEY_NSHumanReadableCopyright = "";
				LD_RUNPATH_SEARCH_PATHS = (
					"$(inherited)",
					"@executable_path/../Frameworks",
				);
				MARKETING_VERSION = 1.0;
				PRODUCT_BUNDLE_IDENTIFIER = com.huanglisen.ytdlmc;
				PRODUCT_NAME = "$(TARGET_NAME)";
				REGISTER_APP_GROUPS = YES;
				STRING_CATALOG_GENERATE_SYMBOLS = YES;
				SWIFT_APPROACHABLE_CONCURRENCY = YES;
				SWIFT_DEFAULT_ACTOR_ISOLATION = MainActor;
				SWIFT_EMIT_LOC_STRINGS = YES;
				SWIFT_UPCOMING_FEATURE_MEMBER_IMPORT_VISIBILITY = YES;
				SWIFT_VERSION = 5.0;
			};
			name = Debug;
		};
		0F5FE6082F5ECF31000A8562 /* Release */ = {
			isa = XCBuildConfiguration;
			buildSettings = {
				ASSETCATALOG_COMPILER_APPICON_NAME = AppIcon;
				ASSETCATALOG_COMPILER_GLOBAL_ACCENT_COLOR_NAME = AccentColor;
				CODE_SIGN_STYLE = Automatic;
				COMBINE_HIDPI_IMAGES = YES;
				CURRENT_PROJECT_VERSION = 1;
				DEVELOPMENT_TEAM = HPL74FCW8E;
				ENABLE_APP_SANDBOX = NO;
				ENABLE_HARDENED_RUNTIME = YES;
				ENABLE_PREVIEWS = YES;
				ENABLE_USER_SELECTED_FILES = readwrite;
				GENERATE_INFOPLIST_FILE = YES;
				INFOPLIST_KEY_NSHumanReadableCopyright = "";
				LD_RUNPATH_SEARCH_PATHS = (
					"$(inherited)",
					"@executable_path/../Frameworks",
				);
				MARKETING_VERSION = 1.0;
				PRODUCT_BUNDLE_IDENTIFIER = com.huanglisen.ytdlmc;
				PRODUCT_NAME = "$(TARGET_NAME)";
				REGISTER_APP_GROUPS = YES;
				STRING_CATALOG_GENERATE_SYMBOLS = YES;
				SWIFT_APPROACHABLE_CONCURRENCY = YES;
				SWIFT_DEFAULT_ACTOR_ISOLATION = MainActor;
				SWIFT_EMIT_LOC_STRINGS = YES;
				SWIFT_UPCOMING_FEATURE_MEMBER_IMPORT_VISIBILITY = YES;
				SWIFT_VERSION = 5.0;
			};
			name = Release;
		};
		0F5FE60A2F5ECF31000A8562 /* Debug */ = {
			isa = XCBuildConfiguration;
			buildSettings = {
				BUNDLE_LOADER = "$(TEST_HOST)";
				CODE_SIGN_STYLE = Automatic;
				CURRENT_PROJECT_VERSION = 1;
				DEVELOPMENT_TEAM = HPL74FCW8E;
				GENERATE_INFOPLIST_FILE = YES;
				MACOSX_DEPLOYMENT_TARGET = 26.2;
				MARKETING_VERSION = 1.0;
				PRODUCT_BUNDLE_IDENTIFIER = com.huanglisen.ytdlmcTests;
				PRODUCT_NAME = "$(TARGET_NAME)";
				STRING_CATALOG_GENERATE_SYMBOLS = NO;
				SWIFT_APPROACHABLE_CONCURRENCY = YES;
				SWIFT_EMIT_LOC_STRINGS = NO;
				SWIFT_UPCOMING_FEATURE_MEMBER_IMPORT_VISIBILITY = YES;
				SWIFT_VERSION = 5.0;
				TEST_HOST = "$(BUILT_PRODUCTS_DIR)/ytdlmc.app/$(BUNDLE_EXECUTABLE_FOLDER_PATH)/ytdlmc";
			};
			name = Debug;
		};
		0F5FE60B2F5ECF31000A8562 /* Release */ = {
			isa = XCBuildConfiguration;
			buildSettings = {
				BUNDLE_LOADER = "$(TEST_HOST)";
				CODE_SIGN_STYLE = Automatic;
				CURRENT_PROJECT_VERSION = 1;
				DEVELOPMENT_TEAM = HPL74FCW8E;
				GENERATE_INFOPLIST_FILE = YES;
				MACOSX_DEPLOYMENT_TARGET = 26.2;
				MARKETING_VERSION = 1.0;
				PRODUCT_BUNDLE_IDENTIFIER = com.huanglisen.ytdlmcTests;
				PRODUCT_NAME = "$(TARGET_NAME)";
				STRING_CATALOG_GENERATE_SYMBOLS = NO;
				SWIFT_APPROACHABLE_CONCURRENCY = YES;
				SWIFT_EMIT_LOC_STRINGS = NO;
				SWIFT_UPCOMING_FEATURE_MEMBER_IMPORT_VISIBILITY = YES;
				SWIFT_VERSION = 5.0;
				TEST_HOST = "$(BUILT_PRODUCTS_DIR)/ytdlmc.app/$(BUNDLE_EXECUTABLE_FOLDER_PATH)/ytdlmc";
			};
			name = Release;
		};
		0F5FE60D2F5ECF31000A8562 /* Debug */ = {
			isa = XCBuildConfiguration;
			buildSettings = {
				CODE_SIGN_STYLE = Automatic;
				CURRENT_PROJECT_VERSION = 1;
				DEVELOPMENT_TEAM = HPL74FCW8E;
				GENERATE_INFOPLIST_FILE = YES;
				MARKETING_VERSION = 1.0;
				PRODUCT_BUNDLE_IDENTIFIER = com.huanglisen.ytdlmcUITests;
				PRODUCT_NAME = "$(TARGET_NAME)";
				STRING_CATALOG_GENERATE_SYMBOLS = NO;
				SWIFT_APPROACHABLE_CONCURRENCY = YES;
				SWIFT_EMIT_LOC_STRINGS = NO;
				SWIFT_UPCOMING_FEATURE_MEMBER_IMPORT_VISIBILITY = YES;
				SWIFT_VERSION = 5.0;
				TEST_TARGET_NAME = ytdlmc;
			};
			name = Debug;
		};
		0F5FE60E2F5ECF31000A8562 /* Release */ = {
			isa = XCBuildConfiguration;
			buildSettings = {
				CODE_SIGN_STYLE = Automatic;
				CURRENT_PROJECT_VERSION = 1;
				DEVELOPMENT_TEAM = HPL74FCW8E;
				GENERATE_INFOPLIST_FILE = YES;
				MARKETING_VERSION = 1.0;
				PRODUCT_BUNDLE_IDENTIFIER = com.huanglisen.ytdlmcUITests;
				PRODUCT_NAME = "$(TARGET_NAME)";
				STRING_CATALOG_GENERATE_SYMBOLS = NO;
				SWIFT_APPROACHABLE_CONCURRENCY = YES;
				SWIFT_EMIT_LOC_STRINGS = NO;
				SWIFT_UPCOMING_FEATURE_MEMBER_IMPORT_VISIBILITY = YES;
				SWIFT_VERSION = 5.0;
				TEST_TARGET_NAME = ytdlmc;
			};
			name = Release;
		};
/* End XCBuildConfiguration section */

/* Begin XCConfigurationList section */
		0F5FE5E02F5ECF30000A8562 /* Build configuration list for PBXProject "ytdlmc" */ = {
			isa = XCConfigurationList;
			buildConfigurations = (
				0F5FE6042F5ECF31000A8562 /* Debug */,
				0F5FE6052F5ECF31000A8562 /* Release */,
			);
			defaultConfigurationIsVisible = 0;
			defaultConfigurationName = Release;
		};
		0F5FE6062F5ECF31000A8562 /* Build configuration list for PBXNativeTarget "ytdlmc" */ = {
			isa = XCConfigurationList;
			buildConfigurations = (
				0F5FE6072F5ECF31000A8562 /* Debug */,
				0F5FE6082F5ECF31000A8562 /* Release */,
			);
			defaultConfigurationIsVisible = 0;
			defaultConfigurationName = Release;
		};
		0F5FE6092F5ECF31000A8562 /* Build configuration list for PBXNativeTarget "ytdlmcTests" */ = {
			isa = XCConfigurationList;
			buildConfigurations = (
				0F5FE60A2F5ECF31000A8562 /* Debug */,
				0F5FE60B2F5ECF31000A8562 /* Release */,
			);
			defaultConfigurationIsVisible = 0;
			defaultConfigurationName = Release;
		};
		0F5FE60C2F5ECF31000A8562 /* Build configuration list for PBXNativeTarget "ytdlmcUITests" */ = {
			isa = XCConfigurationList;
			buildConfigurations = (
				0F5FE60D2F5ECF31000A8562 /* Debug */,
				0F5FE60E2F5ECF31000A8562 /* Release */,
			);
			defaultConfigurationIsVisible = 0;
			defaultConfigurationName = Release;
		};
/* End XCConfigurationList section */
	};
	rootObject = 0F5FE5DD2F5ECF30000A8562 /* Project object */;
}
